
Microsoft Visual Studio Solution File, Format Version 12.00
# Visual Studio Version 17
VisualStudioVersion = 17.14.36221.1 d17.14
MinimumVisualStudioVersion = 10.0.40219.1
Project("{FAE04EC0-301F-11D3-BF4B-00C04F79EFBC}") = "Investment.FVCalculator.Api", "Investment.FVCalculator.Api\Investment.FVCalculator.Api.csproj", "{9ECB3402-E581-48BD-830E-94C33868B15A}"
EndProject
Project("{FAE04EC0-301F-11D3-BF4B-00C04F79EFBC}") = "Investment.FVCalculator.Common", "Investment.FVCalculator.Common\Investment.FVCalculator.Common.csproj", "{21A3963A-FA73-45CE-B644-66022959C75F}"
EndProject
Project("{FAE04EC0-301F-11D3-BF4B-00C04F79EFBC}") = "Investment.FVCalculator.Application", "Investment.FVCalculator.Application\Investment.FVCalculator.Application.csproj", "{1B1BC748-9830-4127-B2E3-0B4C5957AF7B}"
EndProject
Project("{2150E333-8FDC-42A3-9474-1A3956D46DE8}") = "Solution Items", "Solution Items", "{1602AAD3-D969-42F1-9446-7BFBAB20A14F}"
	ProjectSection(SolutionItems) = preProject
		compose.yaml = compose.yaml
	EndProjectSection
EndProject
Project("{FAE04EC0-301F-11D3-BF4B-00C04F79EFBC}") = "Investment.FVCalculator.Application.UnitTests", "Investment.FVCalculator.Application.UnitTests\Investment.FVCalculator.Application.UnitTests.csproj", "{70EDE370-3E68-4018-9D27-A53654D0C9DC}"
EndProject
Global
	GlobalSection(SolutionConfigurationPlatforms) = preSolution
		Debug|Any CPU = Debug|Any CPU
		Release|Any CPU = Release|Any CPU
	EndGlobalSection
	GlobalSection(ProjectConfigurationPlatforms) = postSolution
		{9ECB3402-E581-48BD-830E-94C33868B15A}.Debug|Any CPU.ActiveCfg = Debug|Any CPU
		{9ECB3402-E581-48BD-830E-94C33868B15A}.Debug|Any CPU.Build.0 = Debug|Any CPU
		{9ECB3402-E581-48BD-830E-94C33868B15A}.Release|Any CPU.ActiveCfg = Release|Any CPU
		{9ECB3402-E581-48BD-830E-94C33868B15A}.Release|Any CPU.Build.0 = Release|Any CPU
		{21A3963A-FA73-45CE-B644-66022959C75F}.Debug|Any CPU.ActiveCfg = Debug|Any CPU
		{21A3963A-FA73-45CE-B644-66022959C75F}.Debug|Any CPU.Build.0 = Debug|Any CPU
		{21A3963A-FA73-45CE-B644-66022959C75F}.Release|Any CPU.ActiveCfg = Release|Any CPU
		{21A3963A-FA73-45CE-B644-66022959C75F}.Release|Any CPU.Build.0 = Release|Any CPU
		{1B1BC748-9830-4127-B2E3-0B4C5957AF7B}.Debug|Any CPU.ActiveCfg = Debug|Any CPU
		{1B1BC748-9830-4127-B2E3-0B4C5957AF7B}.Debug|Any CPU.Build.0 = Debug|Any CPU
		{1B1BC748-9830-4127-B2E3-0B4C5957AF7B}.Release|Any CPU.ActiveCfg = Release|Any CPU
		{1B1BC748-9830-4127-B2E3-0B4C5957AF7B}.Release|Any CPU.Build.0 = Release|Any CPU
		{70EDE370-3E68-4018-9D27-A53654D0C9DC}.Debug|Any CPU.ActiveCfg = Debug|Any CPU
		{70EDE370-3E68-4018-9D27-A53654D0C9DC}.Debug|Any CPU.Build.0 = Debug|Any CPU
		{70EDE370-3E68-4018-9D27-A53654D0C9DC}.Release|Any CPU.ActiveCfg = Release|Any CPU
		{70EDE370-3E68-4018-9D27-A53654D0C9DC}.Release|Any CPU.Build.0 = Release|Any CPU
	EndGlobalSection
	GlobalSection(SolutionProperties) = preSolution
		HideSolutionNode = FALSE
	EndGlobalSection
	GlobalSection(ExtensibilityGlobals) = postSolution
		SolutionGuid = {EE7373E7-9915-407D-9A7E-3254D939ED7D}
	EndGlobalSection
EndGlobal
